
Microsoft Visual Studio Solution File, Format Version 12.00
# Visual Studio Version 16
VisualStudioVersion = 16.0.28803.202
MinimumVisualStudioVersion = 10.0.40219.1
Project("{888888A0-9F3D-457C-B088-3A5042F75D52}") = "qDriverInstaller", "qDriverInstaller\qDriverInstaller.pyproj", "{369499F8-43AA-45A1-94FA-485872ED4D3D}"
EndProject
Global
	GlobalSection(SolutionConfigurationPlatforms) = preSolution
		Debug|Any CPU = Debug|Any CPU
		Release|Any CPU = Release|Any CPU
	EndGlobalSection
	GlobalSection(ProjectConfigurationPlatforms) = postSolution
		{369499F8-43AA-45A1-94FA-485872ED4D3D}.Debug|Any CPU.ActiveCfg = Debug|Any CPU
		{369499F8-43AA-45A1-94FA-485872ED4D3D}.Release|Any CPU.ActiveCfg = Release|Any CPU
	EndGlobalSection
	GlobalSection(SolutionProperties) = preSolution
		HideSolutionNode = FALSE
	EndGlobalSection
	GlobalSection(ExtensibilityGlobals) = postSolution
		SolutionGuid = {C169D178-24EE-40E4-B292-3AFF07C2E455}
	EndGlobalSection
EndGlobal
